{"1.1.0",
[{<<"aten">>,{pkg,<<"aten">>,<<"0.5.2">>},0},
 {<<"cowboy">>,{pkg,<<"cowboy">>,<<"2.7.0">>},0},
 {<<"cowlib">>,{pkg,<<"cowlib">>,<<"2.8.0">>},1},
 {<<"epmdless">>,
  {git,"https://github.com/oltarasenko/epmdless",
       {ref,"bcb559c80fec7f4c2daa2418fc685c6acbf893cb"}},
  0},
 {<<"ranch">>,{pkg,<<"ranch">>,<<"1.7.1">>},1}]}.
[
{pkg_hash,[
 {<<"aten">>, <<"2B4D31261D36C0A11CD6D04AE3F96C8951EB32106E9D2013A5B33BA14F7875AE">>},
 {<<"cowboy">>, <<"91ED100138A764355F43316B1D23D7FF6BDB0DE4EA618CB5D8677C93A7A2F115">>},
 {<<"cowlib">>, <<"FD0FF1787DB84AC415B8211573E9A30A3EBE71B5CBFF7F720089972B2319C8A4">>},
 {<<"ranch">>, <<"6B1FAB51B49196860B733A49C07604465A47BDB78AA10C1C16A3D199F7F8C881">>}]}
].
